<?xml version="1.0" encoding="utf-8"?>
<Project ToolsVersion="4.0" xmlns="http://schemas.microsoft.com/developer/msbuild/2003">
  <ItemGroup>
    <Filter Include="リソース ファイル">
      <UniqueIdentifier>{67DA6AB6-F800-4c08-8B7A-83BB121AAD01}</UniqueIdentifier>
      <Extensions>rc;ico;cur;bmp;dlg;rc2;rct;bin;rgs;gif;jpg;jpeg;jpe;resx;tiff;tif;png;wav;mfcribbon-ms</Extensions>
    </Filter>
    <Filter Include="01Engine">
      <UniqueIdentifier>{e5fccdcb-f299-4448-bdb6-01fa28039576}</UniqueIdentifier>
    </Filter>
    <Filter Include="01Engine\Collider">
      <UniqueIdentifier>{7f19ecfb-5d70-4d31-a1f7-c9dd14bad324}</UniqueIdentifier>
    </Filter>
    <Filter Include="01Engine\DirectX">
      <UniqueIdentifier>{e56f8c9a-95a5-4ceb-b65f-5b8e572d087b}</UniqueIdentifier>
    </Filter>
    <Filter Include="01Engine\GameObject">
      <UniqueIdentifier>{b450e438-c939-4b05-b319-0e3c0b4a335c}</UniqueIdentifier>
    </Filter>
    <Filter Include="01Engine\ResourceManager">
      <UniqueIdentifier>{bedee914-5063-4c08-95bb-79c861b4969c}</UniqueIdentifier>
    </Filter>
    <Filter Include="Scene">
      <UniqueIdentifier>{344acb72-d4c5-4ea9-a165-39054669d290}</UniqueIdentifier>
    </Filter>
    <Filter Include="UI">
      <UniqueIdentifier>{ee4d1872-9220-4d67-83d9-b317959760e4}</UniqueIdentifier>
    </Filter>
    <Filter Include="Scene\TitleScene">
      <UniqueIdentifier>{a0504605-1fde-4791-acfd-0d52f5d90064}</UniqueIdentifier>
    </Filter>
    <Filter Include="Scene\PlayScene">
      <UniqueIdentifier>{36f4467b-6c3d-44d9-b2f4-0b9af523d33c}</UniqueIdentifier>
    </Filter>
    <Filter Include="Scene\PlayScene\Obstacle">
      <UniqueIdentifier>{ddf9ac54-66dc-42e9-bbdc-2d2ab18d969d}</UniqueIdentifier>
    </Filter>
    <Filter Include="Scene\02Shader">
      <UniqueIdentifier>{47a6a3f5-8cfd-436b-8d58-beccd108f3f3}</UniqueIdentifier>
      <Extensions>hlsl</Extensions>
    </Filter>
    <Filter Include="Scene\PlayScene\Player">
      <UniqueIdentifier>{b1981811-f3a6-44ef-a6a4-16131faac1b9}</UniqueIdentifier>
    </Filter>
  </ItemGroup>
  <ItemGroup>
    <ClCompile Include="Engine\BoxCollider.cpp">
      <Filter>01Engine\Collider</Filter>
    </ClCompile>
    <ClCompile Include="Engine\Collider.cpp">
      <Filter>01Engine\Collider</Filter>
    </ClCompile>
    <ClCompile Include="Engine\SphereCollider.cpp">
      <Filter>01Engine\Collider</Filter>
    </ClCompile>
    <ClCompile Include="Engine\Direct3D.cpp">
      <Filter>01Engine\DirectX</Filter>
    </ClCompile>
    <ClCompile Include="Engine\Fbx.cpp">
      <Filter>01Engine\DirectX</Filter>
    </ClCompile>
    <ClCompile Include="Engine\FbxParts.cpp">
      <Filter>01Engine\DirectX</Filter>
    </ClCompile>
    <ClCompile Include="Engine\Input.cpp">
      <Filter>01Engine\DirectX</Filter>
    </ClCompile>
    <ClCompile Include="Engine\Sprite.cpp">
      <Filter>01Engine\DirectX</Filter>
    </ClCompile>
    <ClCompile Include="Engine\Camera.cpp">
      <Filter>01Engine\GameObject</Filter>
    </ClCompile>
    <ClCompile Include="Engine\GameObject.cpp">
      <Filter>01Engine\GameObject</Filter>
    </ClCompile>
    <ClCompile Include="Engine\RootObject.cpp">
      <Filter>01Engine\GameObject</Filter>
    </ClCompile>
    <ClCompile Include="Engine\CsvReader.cpp">
      <Filter>01Engine\ResourceManager</Filter>
    </ClCompile>
    <ClCompile Include="Engine\Image.cpp">
      <Filter>01Engine\ResourceManager</Filter>
    </ClCompile>
    <ClCompile Include="Engine\Model.cpp">
      <Filter>01Engine\ResourceManager</Filter>
    </ClCompile>
    <ClCompile Include="Engine\Main.cpp">
      <Filter>01Engine</Filter>
    </ClCompile>
    <ClCompile Include="Engine\SceneManager.cpp">
      <Filter>01Engine</Filter>
    </ClCompile>
    <ClCompile Include="Engine\Texture.cpp">
      <Filter>01Engine\DirectX</Filter>
    </ClCompile>
    <ClCompile Include="Engine\Transform.cpp">
      <Filter>01Engine\GameObject</Filter>
    </ClCompile>
    <ClCompile Include="Engine\Audio.cpp">
      <Filter>01Engine\ResourceManager</Filter>
    </ClCompile>
    <ClCompile Include="Engine\Text.cpp">
      <Filter>01Engine\ResourceManager</Filter>
    </ClCompile>
    <ClCompile Include="Engine\Debug.cpp">
      <Filter>01Engine\ResourceManager</Filter>
    </ClCompile>
    <ClCompile Include="Engine\BillBoard.cpp">
      <Filter>01Engine\DirectX</Filter>
    </ClCompile>
    <ClCompile Include="Engine\VFX.cpp">
      <Filter>01Engine\ResourceManager</Filter>
    </ClCompile>
    <ClCompile Include="TitleScene.cpp">
      <Filter>Scene</Filter>
    </ClCompile>
    <ClCompile Include="ResultScene.cpp">
      <Filter>Scene</Filter>
    </ClCompile>
    <ClCompile Include="PlayScene.cpp">
      <Filter>Scene</Filter>
    </ClCompile>
    <ClCompile Include="Logo.cpp">
      <Filter>Scene\TitleScene</Filter>
    </ClCompile>
    <ClCompile Include="PauseMenu.cpp">
      <Filter>Scene\PlayScene</Filter>
    </ClCompile>
    <ClCompile Include="Stage.cpp">
      <Filter>Scene\PlayScene</Filter>
    </ClCompile>
    <ClCompile Include="ObstacleManager.cpp">
      <Filter>Scene\PlayScene\Obstacle</Filter>
    </ClCompile>
    <ClCompile Include="Obstacle.cpp">
      <Filter>Scene\PlayScene\Obstacle</Filter>
    </ClCompile>
    <ClCompile Include="WallObstacle.cpp">
      <Filter>Scene\PlayScene\Obstacle</Filter>
    </ClCompile>
    <ClCompile Include="Timer.cpp">
      <Filter>UI</Filter>
    </ClCompile>
    <ClCompile Include="ExitMenu.cpp">
      <Filter>UI</Filter>
    </ClCompile>
    <ClCompile Include="Button.cpp">
      <Filter>UI</Filter>
    </ClCompile>
    <ClCompile Include="UfoObstacle.cpp">
      <Filter>Scene\PlayScene\Obstacle</Filter>
    </ClCompile>
    <ClCompile Include="Timer.cpp" />
    <ClCompile Include="Missile.cpp" />
    <ClCompile Include="Stageselect.cpp" />
    <ClCompile Include="RobotObstacle.cpp">
      <Filter>Scene\PlayScene\Obstacle</Filter>
    </ClCompile>
    <ClCompile Include="ButtonFactory.cpp">
      <Filter>UI</Filter>
    </ClCompile>
    <ClCompile Include="RaserObstacle.cpp">
      <Filter>Scene\PlayScene\Obstacle</Filter>
    </ClCompile>
    <ClCompile Include="SkyBox.cpp">
      <Filter>Scene\PlayScene</Filter>
    </ClCompile>
    <ClCompile Include="AudioManager.cpp" />
    <ClCompile Include="Setting.cpp" />
    <ClCompile Include="SliderButton.cpp">
      <Filter>UI</Filter>
    </ClCompile>
    <ClCompile Include="BossObstacle.cpp">
      <Filter>Scene\PlayScene\Obstacle</Filter>
    </ClCompile>
    <ClCompile Include="Player.cpp">
      <Filter>Scene\PlayScene\Player</Filter>
    </ClCompile>
    <ClCompile Include="Aim.cpp">
      <Filter>Scene\PlayScene\Player</Filter>
    </ClCompile>
    <ClCompile Include="HpGauge.cpp">
      <Filter>Scene\PlayScene\Player</Filter>
    </ClCompile>
    <ClCompile Include="PlayerSpeedController.cpp">
      <Filter>Scene\PlayScene\Player</Filter>
    </ClCompile>
    <ClCompile Include="Beam.cpp" />
  </ItemGroup>
  <ItemGroup>
    <ClInclude Include="Engine\BoxCollider.h">
      <Filter>01Engine\Collider</Filter>
    </ClInclude>
    <ClInclude Include="Engine\Collider.h">
      <Filter>01Engine\Collider</Filter>
    </ClInclude>
    <ClInclude Include="Engine\SphereCollider.h">
      <Filter>01Engine\Collider</Filter>
    </ClInclude>
    <ClInclude Include="Engine\Direct3D.h">
      <Filter>01Engine\DirectX</Filter>
    </ClInclude>
    <ClInclude Include="Engine\Fbx.h">
      <Filter>01Engine\DirectX</Filter>
    </ClInclude>
    <ClInclude Include="Engine\FbxParts.h">
      <Filter>01Engine\DirectX</Filter>
    </ClInclude>
    <ClInclude Include="Engine\Input.h">
      <Filter>01Engine\DirectX</Filter>
    </ClInclude>
    <ClInclude Include="Engine\Sprite.h">
      <Filter>01Engine\DirectX</Filter>
    </ClInclude>
    <ClInclude Include="Engine\Camera.h">
      <Filter>01Engine\GameObject</Filter>
    </ClInclude>
    <ClInclude Include="Engine\GameObject.h">
      <Filter>01Engine\GameObject</Filter>
    </ClInclude>
    <ClInclude Include="Engine\RootObject.h">
      <Filter>01Engine\GameObject</Filter>
    </ClInclude>
    <ClInclude Include="Engine\CsvReader.h">
      <Filter>01Engine\ResourceManager</Filter>
    </ClInclude>
    <ClInclude Include="Engine\Image.h">
      <Filter>01Engine\ResourceManager</Filter>
    </ClInclude>
    <ClInclude Include="Engine\Model.h">
      <Filter>01Engine\ResourceManager</Filter>
    </ClInclude>
    <ClInclude Include="Engine\Global.h">
      <Filter>01Engine</Filter>
    </ClInclude>
    <ClInclude Include="Engine\SceneManager.h">
      <Filter>01Engine</Filter>
    </ClInclude>
    <ClInclude Include="Engine\Texture.h">
      <Filter>01Engine\DirectX</Filter>
    </ClInclude>
    <ClInclude Include="Engine\Transform.h">
      <Filter>01Engine\GameObject</Filter>
    </ClInclude>
    <ClInclude Include="Engine\Audio.h">
      <Filter>01Engine\ResourceManager</Filter>
    </ClInclude>
    <ClInclude Include="Engine\Text.h">
      <Filter>01Engine\ResourceManager</Filter>
    </ClInclude>
    <ClInclude Include="Engine\Debug.h">
      <Filter>01Engine\ResourceManager</Filter>
    </ClInclude>
    <ClInclude Include="Engine\BillBoard.h">
      <Filter>01Engine\DirectX</Filter>
    </ClInclude>
    <ClInclude Include="Engine\VFX.h">
      <Filter>01Engine\ResourceManager</Filter>
    </ClInclude>
    <ClInclude Include="TitleScene.h">
      <Filter>Scene</Filter>
    </ClInclude>
    <ClInclude Include="ResultScene.h">
      <Filter>Scene</Filter>
    </ClInclude>
    <ClInclude Include="PlayScene.h">
      <Filter>Scene</Filter>
    </ClInclude>
    <ClInclude Include="Logo.h">
      <Filter>Scene\TitleScene</Filter>
    </ClInclude>
    <ClInclude Include="PauseMenu.h">
      <Filter>Scene\PlayScene</Filter>
    </ClInclude>
    <ClInclude Include="Stage.h">
      <Filter>Scene\PlayScene</Filter>
    </ClInclude>
    <ClInclude Include="ObstacleManager.h">
      <Filter>Scene\PlayScene\Obstacle</Filter>
    </ClInclude>
    <ClInclude Include="Obstacle.h">
      <Filter>Scene\PlayScene\Obstacle</Filter>
    </ClInclude>
    <ClInclude Include="WallObstacle.h">
      <Filter>Scene\PlayScene\Obstacle</Filter>
    </ClInclude>
    <ClInclude Include="Timer.h">
      <Filter>UI</Filter>
    </ClInclude>
    <ClInclude Include="ExitMenu.h">
      <Filter>UI</Filter>
    </ClInclude>
    <ClInclude Include="Button.h">
      <Filter>UI</Filter>
    </ClInclude>
    <ClInclude Include="UfoObstacle.h">
      <Filter>Scene\PlayScene\Obstacle</Filter>
    </ClInclude>
    <ClInclude Include="Timer.h" />
    <ClInclude Include="Missile.h" />
    <ClInclude Include="Stageselect.h" />
    <ClInclude Include="RobotObstacle.h">
      <Filter>Scene\PlayScene\Obstacle</Filter>
    </ClInclude>
    <ClInclude Include="ButtonFactory.h">
      <Filter>UI</Filter>
    </ClInclude>
    <ClInclude Include="RaserObstacle.h">
      <Filter>Scene\PlayScene\Obstacle</Filter>
    </ClInclude>
    <ClInclude Include="SkyBox.h">
      <Filter>Scene\PlayScene</Filter>
    </ClInclude>
    <ClInclude Include="AudioManager.h" />
    <ClInclude Include="Setting.h" />
    <ClInclude Include="SliderButton.h">
      <Filter>UI</Filter>
    </ClInclude>
    <ClInclude Include="BossObstacle.h">
      <Filter>Scene\PlayScene\Obstacle</Filter>
    </ClInclude>
    <ClInclude Include="Player.h">
      <Filter>Scene\PlayScene\Player</Filter>
    </ClInclude>
    <ClInclude Include="Aim.h">
      <Filter>Scene\PlayScene\Player</Filter>
    </ClInclude>
    <ClInclude Include="HpGauge.h">
      <Filter>Scene\PlayScene\Player</Filter>
    </ClInclude>
    <ClInclude Include="PlayerSpeedController.h">
      <Filter>Scene\PlayScene\Player</Filter>
    </ClInclude>
    <ClInclude Include="Beam.h" />
  </ItemGroup>
  <ItemGroup>
    <FxCompile Include="Assets\Shader\Simple2D.hlsl">
      <Filter>Scene\02Shader</Filter>
    </FxCompile>
    <FxCompile Include="Assets\Shader\Simple3D.hlsl">
      <Filter>Scene\02Shader</Filter>
    </FxCompile>
    <FxCompile Include="Assets\Shader\Debug3D.hlsl">
      <Filter>Scene\02Shader</Filter>
    </FxCompile>
    <FxCompile Include="Assets\Shader\BillBoard.hlsl">
      <Filter>Scene\02Shader</Filter>
    </FxCompile>
    <FxCompile Include="Assets\Shader\NoShadow.hlsl">
      <Filter>Scene\02Shader</Filter>
    </FxCompile>
    <FxCompile Include="Assets\Shader\NoShadowAlpha.hlsl">
      <Filter>Scene\02Shader</Filter>
    </FxCompile>
    <FxCompile Include="Assets\Shader\SkyBox.hlsl">
      <Filter>Scene\02Shader</Filter>
    </FxCompile>
  </ItemGroup>
</Project>